# This file is automatically @generated by Cargo.
# It is not intended for manual editing.
version = 4

[[package]]
name = "cellar-api"
version = "0.1.0"

[[package]]
name = "cellar-auth"
version = "0.1.0"

[[package]]
name = "cellar-config"
version = "0.1.0"

[[package]]
name = "cellar-core"
version = "0.1.0"

[[package]]
name = "cellar-db"
version = "0.1.0"

[[package]]
name = "cellar-e2e"
version = "0.1.0"

[[package]]
name = "cellar-service"
version = "0.1.0"

[[package]]
name = "cellar-storage"
version = "0.1.0"

[[package]]
name = "cellar-test-support"
version = "0.1.0"

[[package]]
name = "cellar-windows"
version = "0.1.0"
